
Microsoft Visual Studio Solution File, Format Version 12.00
# Visual Studio Version 17
VisualStudioVersion = 17.9.34728.123
MinimumVisualStudioVersion = 10.0.40219.1
Project("{FAE04EC0-301F-11D3-BF4B-00C04F79EFBC}") = "EasyNumberGuessingGameProgram", "EasyNumberGuessingGameProgram\EasyNumberGuessingGameProgram.csproj", "{DED90FC5-7B49-4D37-86C6-442E45458402}"
EndProject
Global
	GlobalSection(SolutionConfigurationPlatforms) = preSolution
		Debug|Any CPU = Debug|Any CPU
		Release|Any CPU = Release|Any CPU
	EndGlobalSection
	GlobalSection(ProjectConfigurationPlatforms) = postSolution
		{DED90FC5-7B49-4D37-86C6-442E45458402}.Debug|Any CPU.ActiveCfg = Debug|Any CPU
		{DED90FC5-7B49-4D37-86C6-442E45458402}.Debug|Any CPU.Build.0 = Debug|Any CPU
		{DED90FC5-7B49-4D37-86C6-442E45458402}.Release|Any CPU.ActiveCfg = Release|Any CPU
		{DED90FC5-7B49-4D37-86C6-442E45458402}.Release|Any CPU.Build.0 = Release|Any CPU
	EndGlobalSection
	GlobalSection(SolutionProperties) = preSolution
		HideSolutionNode = FALSE
	EndGlobalSection
	GlobalSection(ExtensibilityGlobals) = postSolution
		SolutionGuid = {7BE9B24A-3FDD-4BF0-A9DC-96278D185FBA}
	EndGlobalSection
EndGlobal
